
Microsoft Visual Studio Solution File, Format Version 12.00
# Visual Studio Version 16
VisualStudioVersion = 16.0.35325.158
MinimumVisualStudioVersion = 10.0.40219.1
Project("{FAE04EC0-301F-11D3-BF4B-00C04F79EFBC}") = "APITestProject", "APITestProject.csproj", "{9CB2ECAD-A050-45B7-B2A9-73F13BDEFAF4}"
EndProject
Global
	GlobalSection(SolutionConfigurationPlatforms) = preSolution
		Debug|Any CPU = Debug|Any CPU
		Release|Any CPU = Release|Any CPU
	EndGlobalSection
	GlobalSection(ProjectConfigurationPlatforms) = postSolution
		{9CB2ECAD-A050-45B7-B2A9-73F13BDEFAF4}.Debug|Any CPU.ActiveCfg = Debug|Any CPU
		{9CB2ECAD-A050-45B7-B2A9-73F13BDEFAF4}.Debug|Any CPU.Build.0 = Debug|Any CPU
		{9CB2ECAD-A050-45B7-B2A9-73F13BDEFAF4}.Release|Any CPU.ActiveCfg = Release|Any CPU
		{9CB2ECAD-A050-45B7-B2A9-73F13BDEFAF4}.Release|Any CPU.Build.0 = Release|Any CPU
	EndGlobalSection
	GlobalSection(SolutionProperties) = preSolution
		HideSolutionNode = FALSE
	EndGlobalSection
	GlobalSection(ExtensibilityGlobals) = postSolution
		SolutionGuid = {C5868BC0-4A3C-4140-A565-0E95B92BBD37}
	EndGlobalSection
EndGlobal
